// !$*UTF8*$!
{
	archiveVersion = 1;
	classes = {
	};
	objectVersion = 54;
	objects = {

/* Begin PBXBuildFile section */
		00E356F31AD99517003FC87E /* MyappReactNativeTests.m in Sources */ = {isa = PBXBuildFile; fileRef = 00E356F21AD99517003FC87E /* MyappReactNativeTests.m */; };
		0C80B921A6F3F58F76C31292 /* libPods-MyappReactNative.a in Frameworks */ = {isa = PBXBuildFile; fileRef = 5DCACB8F33CDC322A6C60F78 /* libPods-MyappReactNative.a */; };
		13B07FBC1A68108700A75B9A /* AppDelegate.mm in Sources */ = {isa = PBXBuildFile; fileRef = 13B07FB01A68108700A75B9A /* AppDelegate.mm */; };
		13B07FBF1A68108700A75B9A /* Images.xcassets in Resources */ = {isa = PBXBuildFile; fileRef = 13B07FB51A68108700A75B9A /* Images.xcassets */; };
		13B07FC11A68108700A75B9A /* main.m in Sources */ = {isa = PBXBuildFile; fileRef = 13B07FB71A68108700A75B9A /* main.m */; };
		1B726F162AA0886800368DBD /* logoPDJ.png in Resources */ = {isa = PBXBuildFile; fileRef = 1B726F152AA0886800368DBD /* logoPDJ.png */; };
		1B9D501E2A4C1BFC00519F43 /* Montserrat ExtraBold 800.ttf in Resources */ = {isa = PBXBuildFile; fileRef = 1B9D4FFC2A4C1BFB00519F43 /* Montserrat ExtraBold 800.ttf */; };
		1B9D501F2A4C1BFC00519F43 /* Fontisto.ttf in Resources */ = {isa = PBXBuildFile; fileRef = 1B9D4FFD2A4C1BFB00519F43 /* Fontisto.ttf */; };
		1B9D50202A4C1BFC00519F43 /* Octicons.ttf in Resources */ = {isa = PBXBuildFile; fileRef = 1B9D4FFE2A4C1BFB00519F43 /* Octicons.ttf */; };
		1B9D50212A4C1BFC00519F43 /* Montserrat Italic 400.ttf in Resources */ = {isa = PBXBuildFile; fileRef = 1B9D4FFF2A4C1BFB00519F43 /* Montserrat Italic 400.ttf */; };
		1B9D50222A4C1BFC00519F43 /* Feather.ttf in Resources */ = {isa = PBXBuildFile; fileRef = 1B9D50002A4C1BFC00519F43 /* Feather.ttf */; };
		1B9D50232A4C1BFC00519F43 /* Montserrat Light 300.ttf in Resources */ = {isa = PBXBuildFile; fileRef = 1B9D50012A4C1BFC00519F43 /* Montserrat Light 300.ttf */; };
		1B9D50242A4C1BFC00519F43 /* Montserrat ExtraLight 275.ttf in Resources */ = {isa = PBXBuildFile; fileRef = 1B9D50022A4C1BFC00519F43 /* Montserrat ExtraLight 275.ttf */; };
		1B9D50252A4C1BFC00519F43 /* Entypo.ttf in Resources */ = {isa = PBXBuildFile; fileRef = 1B9D50032A4C1BFC00519F43 /* Entypo.ttf */; };
		1B9D50262A4C1BFC00519F43 /* FontAwesome5_Brands.ttf in Resources */ = {isa = PBXBuildFile; fileRef = 1B9D50042A4C1BFC00519F43 /* FontAwesome5_Brands.ttf */; };
		1B9D50272A4C1BFC00519F43 /* MaterialCommunityIcons.ttf in Resources */ = {isa = PBXBuildFile; fileRef = 1B9D50052A4C1BFC00519F43 /* MaterialCommunityIcons.ttf */; };
		1B9D50282A4C1BFC00519F43 /* Montserrat ExtraBold Italic 800.ttf in Resources */ = {isa = PBXBuildFile; fileRef = 1B9D50062A4C1BFC00519F43 /* Montserrat ExtraBold Italic 800.ttf */; };
		1B9D50292A4C1BFC00519F43 /* Montserrat Medium Italic 500.ttf in Resources */ = {isa = PBXBuildFile; fileRef = 1B9D50072A4C1BFC00519F43 /* Montserrat Medium Italic 500.ttf */; };
		1B9D502A2A4C1BFC00519F43 /* AntDesign.ttf in Resources */ = {isa = PBXBuildFile; fileRef = 1B9D50082A4C1BFC00519F43 /* AntDesign.ttf */; };
		1B9D502B2A4C1BFC00519F43 /* Foundation.ttf in Resources */ = {isa = PBXBuildFile; fileRef = 1B9D50092A4C1BFC00519F43 /* Foundation.ttf */; };
		1B9D502C2A4C1BFC00519F43 /* Ionicons.ttf in Resources */ = {isa = PBXBuildFile; fileRef = 1B9D500A2A4C1BFC00519F43 /* Ionicons.ttf */; };
		1B9D502D2A4C1BFC00519F43 /* FontAwesome5_Solid.ttf in Resources */ = {isa = PBXBuildFile; fileRef = 1B9D500B2A4C1BFC00519F43 /* FontAwesome5_Solid.ttf */; };
		1B9D502E2A4C1BFC00519F43 /* FontAwesome5_Regular.ttf in Resources */ = {isa = PBXBuildFile; fileRef = 1B9D500C2A4C1BFC00519F43 /* FontAwesome5_Regular.ttf */; };
		1B9D502F2A4C1BFC00519F43 /* Montserrat Black 900.ttf in Resources */ = {isa = PBXBuildFile; fileRef = 1B9D500D2A4C1BFC00519F43 /* Montserrat Black 900.ttf */; };
		1B9D50302A4C1BFC00519F43 /* Montserrat SemiBold Italic 600.ttf in Resources */ = {isa = PBXBuildFile; fileRef = 1B9D500E2A4C1BFC00519F43 /* Montserrat SemiBold Italic 600.ttf */; };
		1B9D50312A4C1BFC00519F43 /* FontAwesome.ttf in Resources */ = {isa = PBXBuildFile; fileRef = 1B9D500F2A4C1BFC00519F43 /* FontAwesome.ttf */; };
		1B9D50322A4C1BFC00519F43 /* Zocial.ttf in Resources */ = {isa = PBXBuildFile; fileRef = 1B9D50102A4C1BFC00519F43 /* Zocial.ttf */; };
		1B9D50332A4C1BFC00519F43 /* Montserrat Bold 700.ttf in Resources */ = {isa = PBXBuildFile; fileRef = 1B9D50112A4C1BFC00519F43 /* Montserrat Bold 700.ttf */; };
		1B9D50342A4C1BFC00519F43 /* Montserrat Thin 250.ttf in Resources */ = {isa = PBXBuildFile; fileRef = 1B9D50122A4C1BFC00519F43 /* Montserrat Thin 250.ttf */; };
		1B9D50352A4C1BFC00519F43 /* EvilIcons.ttf in Resources */ = {isa = PBXBuildFile; fileRef = 1B9D50132A4C1BFC00519F43 /* EvilIcons.ttf */; };
		1B9D50362A4C1BFC00519F43 /* Montserrat Medium 500.ttf in Resources */ = {isa = PBXBuildFile; fileRef = 1B9D50142A4C1BFC00519F43 /* Montserrat Medium 500.ttf */; };
		1B9D50372A4C1BFC00519F43 /* Montserrat Black Italic 900.ttf in Resources */ = {isa = PBXBuildFile; fileRef = 1B9D50152A4C1BFC00519F43 /* Montserrat Black Italic 900.ttf */; };
		1B9D50382A4C1BFC00519F43 /* Montserrat Thin Italic 250.ttf in Resources */ = {isa = PBXBuildFile; fileRef = 1B9D50162A4C1BFC00519F43 /* Montserrat Thin Italic 250.ttf */; };
		1B9D50392A4C1BFC00519F43 /* Montserrat Bold Italic 700.ttf in Resources */ = {isa = PBXBuildFile; fileRef = 1B9D50172A4C1BFC00519F43 /* Montserrat Bold Italic 700.ttf */; };
		1B9D503A2A4C1BFC00519F43 /* Montserrat Light Italic 300.ttf in Resources */ = {isa = PBXBuildFile; fileRef = 1B9D50182A4C1BFC00519F43 /* Montserrat Light Italic 300.ttf */; };
		1B9D503B2A4C1BFC00519F43 /* SimpleLineIcons.ttf in Resources */ = {isa = PBXBuildFile; fileRef = 1B9D50192A4C1BFC00519F43 /* SimpleLineIcons.ttf */; };
		1B9D503C2A4C1BFC00519F43 /* Montserrat SemiBold 600.ttf in Resources */ = {isa = PBXBuildFile; fileRef = 1B9D501A2A4C1BFC00519F43 /* Montserrat SemiBold 600.ttf */; };
		1B9D503D2A4C1BFC00519F43 /* Montserrat ExtraLight Italic 275.ttf in Resources */ = {isa = PBXBuildFile; fileRef = 1B9D501B2A4C1BFC00519F43 /* Montserrat ExtraLight Italic 275.ttf */; };
		1B9D503E2A4C1BFC00519F43 /* MaterialIcons.ttf in Resources */ = {isa = PBXBuildFile; fileRef = 1B9D501C2A4C1BFC00519F43 /* MaterialIcons.ttf */; };
		1B9D503F2A4C1BFC00519F43 /* Postino Italic.ttf in Resources */ = {isa = PBXBuildFile; fileRef = 1B9D501D2A4C1BFC00519F43 /* Postino Italic.ttf */; };
		7699B88040F8A987B510C191 /* libPods-MyappReactNative-MyappReactNativeTests.a in Frameworks */ = {isa = PBXBuildFile; fileRef = 19F6CBCC0A4E27FBF8BF4A61 /* libPods-MyappReactNative-MyappReactNativeTests.a */; };
		81AB9BB82411601600AC10FF /* LaunchScreen.storyboard in Resources */ = {isa = PBXBuildFile; fileRef = 81AB9BB72411601600AC10FF /* LaunchScreen.storyboard */; };
/* End PBXBuildFile section */

/* Begin PBXContainerItemProxy section */
		00E356F41AD99517003FC87E /* PBXContainerItemProxy */ = {
			isa = PBXContainerItemProxy;
			containerPortal = 83CBB9F71A601CBA00E9B192 /* Project object */;
			proxyType = 1;
			remoteGlobalIDString = 13B07F861A680F5B00A75B9A;
			remoteInfo = MyappReactNative;
		};
/* End PBXContainerItemProxy section */

/* Begin PBXFileReference section */
		00E356EE1AD99517003FC87E /* MyappReactNativeTests.xctest */ = {isa = PBXFileReference; explicitFileType = wrapper.cfbundle; includeInIndex = 0; path = MyappReactNativeTests.xctest; sourceTree = BUILT_PRODUCTS_DIR; };
		00E356F11AD99517003FC87E /* Info.plist */ = {isa = PBXFileReference; lastKnownFileType = text.plist.xml; path = Info.plist; sourceTree = "<group>"; };
		00E356F21AD99517003FC87E /* MyappReactNativeTests.m */ = {isa = PBXFileReference; lastKnownFileType = sourcecode.c.objc; path = MyappReactNativeTests.m; sourceTree = "<group>"; };
		012753EEAA1E42278210EDAD /* Montserrat Light 300.ttf */ = {isa = PBXFileReference; explicitFileType = undefined; fileEncoding = 9; includeInIndex = 0; lastKnownFileType = unknown; name = "Montserrat Light 300.ttf"; path = "../assets/fonts/Montserrat Light 300.ttf"; sourceTree = "<group>"; };
		05164D31F637469B8007103F /* Montserrat ExtraLight Italic 275.ttf */ = {isa = PBXFileReference; explicitFileType = undefined; fileEncoding = 9; includeInIndex = 0; lastKnownFileType = unknown; name = "Montserrat ExtraLight Italic 275.ttf"; path = "../assets/fonts/Montserrat ExtraLight Italic 275.ttf"; sourceTree = "<group>"; };
		08253D15F8C84044AF4DB983 /* AntDesign.ttf */ = {isa = PBXFileReference; explicitFileType = undefined; fileEncoding = 9; includeInIndex = 0; lastKnownFileType = unknown; name = AntDesign.ttf; path = ../assets/fonts/AntDesign.ttf; sourceTree = "<group>"; };
		0A0604C535E24A1EB1D580DE /* MaterialCommunityIcons.ttf */ = {isa = PBXFileReference; explicitFileType = undefined; fileEncoding = 9; includeInIndex = 0; lastKnownFileType = unknown; name = MaterialCommunityIcons.ttf; path = ../assets/fonts/MaterialCommunityIcons.ttf; sourceTree = "<group>"; };
		13B07F961A680F5B00A75B9A /* MyappReactNative.app */ = {isa = PBXFileReference; explicitFileType = wrapper.application; includeInIndex = 0; path = MyappReactNative.app; sourceTree = BUILT_PRODUCTS_DIR; };
		13B07FAF1A68108700A75B9A /* AppDelegate.h */ = {isa = PBXFileReference; fileEncoding = 4; lastKnownFileType = sourcecode.c.h; name = AppDelegate.h; path = MyappReactNative/AppDelegate.h; sourceTree = "<group>"; };
		13B07FB01A68108700A75B9A /* AppDelegate.mm */ = {isa = PBXFileReference; fileEncoding = 4; lastKnownFileType = sourcecode.cpp.objcpp; name = AppDelegate.mm; path = MyappReactNative/AppDelegate.mm; sourceTree = "<group>"; };
		13B07FB51A68108700A75B9A /* Images.xcassets */ = {isa = PBXFileReference; lastKnownFileType = folder.assetcatalog; name = Images.xcassets; path = MyappReactNative/Images.xcassets; sourceTree = "<group>"; };
		13B07FB61A68108700A75B9A /* Info.plist */ = {isa = PBXFileReference; fileEncoding = 4; lastKnownFileType = text.plist.xml; name = Info.plist; path = MyappReactNative/Info.plist; sourceTree = "<group>"; };
		13B07FB71A68108700A75B9A /* main.m */ = {isa = PBXFileReference; fileEncoding = 4; lastKnownFileType = sourcecode.c.objc; name = main.m; path = MyappReactNative/main.m; sourceTree = "<group>"; };
		19F6CBCC0A4E27FBF8BF4A61 /* libPods-MyappReactNative-MyappReactNativeTests.a */ = {isa = PBXFileReference; explicitFileType = archive.ar; includeInIndex = 0; path = "libPods-MyappReactNative-MyappReactNativeTests.a"; sourceTree = BUILT_PRODUCTS_DIR; };
		1B726F152AA0886800368DBD /* logoPDJ.png */ = {isa = PBXFileReference; lastKnownFileType = image.png; name = logoPDJ.png; path = ../../assets/logoPDJ.png; sourceTree = "<group>"; };
		1B9D4FFC2A4C1BFB00519F43 /* Montserrat ExtraBold 800.ttf */ = {isa = PBXFileReference; lastKnownFileType = file; path = "Montserrat ExtraBold 800.ttf"; sourceTree = "<group>"; };
		1B9D4FFD2A4C1BFB00519F43 /* Fontisto.ttf */ = {isa = PBXFileReference; lastKnownFileType = file; path = Fontisto.ttf; sourceTree = "<group>"; };
		1B9D4FFE2A4C1BFB00519F43 /* Octicons.ttf */ = {isa = PBXFileReference; lastKnownFileType = file; path = Octicons.ttf; sourceTree = "<group>"; };
		1B9D4FFF2A4C1BFB00519F43 /* Montserrat Italic 400.ttf */ = {isa = PBXFileReference; lastKnownFileType = file; path = "Montserrat Italic 400.ttf"; sourceTree = "<group>"; };
		1B9D50002A4C1BFC00519F43 /* Feather.ttf */ = {isa = PBXFileReference; lastKnownFileType = file; path = Feather.ttf; sourceTree = "<group>"; };
		1B9D50012A4C1BFC00519F43 /* Montserrat Light 300.ttf */ = {isa = PBXFileReference; lastKnownFileType = file; path = "Montserrat Light 300.ttf"; sourceTree = "<group>"; };
		1B9D50022A4C1BFC00519F43 /* Montserrat ExtraLight 275.ttf */ = {isa = PBXFileReference; lastKnownFileType = file; path = "Montserrat ExtraLight 275.ttf"; sourceTree = "<group>"; };
		1B9D50032A4C1BFC00519F43 /* Entypo.ttf */ = {isa = PBXFileReference; lastKnownFileType = file; path = Entypo.ttf; sourceTree = "<group>"; };
		1B9D50042A4C1BFC00519F43 /* FontAwesome5_Brands.ttf */ = {isa = PBXFileReference; lastKnownFileType = file; path = FontAwesome5_Brands.ttf; sourceTree = "<group>"; };
		1B9D50052A4C1BFC00519F43 /* MaterialCommunityIcons.ttf */ = {isa = PBXFileReference; lastKnownFileType = file; path = MaterialCommunityIcons.ttf; sourceTree = "<group>"; };
		1B9D50062A4C1BFC00519F43 /* Montserrat ExtraBold Italic 800.ttf */ = {isa = PBXFileReference; lastKnownFileType = file; path = "Montserrat ExtraBold Italic 800.ttf"; sourceTree = "<group>"; };
		1B9D50072A4C1BFC00519F43 /* Montserrat Medium Italic 500.ttf */ = {isa = PBXFileReference; lastKnownFileType = file; path = "Montserrat Medium Italic 500.ttf"; sourceTree = "<group>"; };
		1B9D50082A4C1BFC00519F43 /* AntDesign.ttf */ = {isa = PBXFileReference; lastKnownFileType = file; path = AntDesign.ttf; sourceTree = "<group>"; };
		1B9D50092A4C1BFC00519F43 /* Foundation.ttf */ = {isa = PBXFileReference; lastKnownFileType = file; path = Foundation.ttf; sourceTree = "<group>"; };
		1B9D500A2A4C1BFC00519F43 /* Ionicons.ttf */ = {isa = PBXFileReference; lastKnownFileType = file; path = Ionicons.ttf; sourceTree = "<group>"; };
		1B9D500B2A4C1BFC00519F43 /* FontAwesome5_Solid.ttf */ = {isa = PBXFileReference; lastKnownFileType = file; path = FontAwesome5_Solid.ttf; sourceTree = "<group>"; };
		1B9D500C2A4C1BFC00519F43 /* FontAwesome5_Regular.ttf */ = {isa = PBXFileReference; lastKnownFileType = file; path = FontAwesome5_Regular.ttf; sourceTree = "<group>"; };
		1B9D500D2A4C1BFC00519F43 /* Montserrat Black 900.ttf */ = {isa = PBXFileReference; lastKnownFileType = file; path = "Montserrat Black 900.ttf"; sourceTree = "<group>"; };
		1B9D500E2A4C1BFC00519F43 /* Montserrat SemiBold Italic 600.ttf */ = {isa = PBXFileReference; lastKnownFileType = file; path = "Montserrat SemiBold Italic 600.ttf"; sourceTree = "<group>"; };
		1B9D500F2A4C1BFC00519F43 /* FontAwesome.ttf */ = {isa = PBXFileReference; lastKnownFileType = file; path = FontAwesome.ttf; sourceTree = "<group>"; };
		1B9D50102A4C1BFC00519F43 /* Zocial.ttf */ = {isa = PBXFileReference; lastKnownFileType = file; path = Zocial.ttf; sourceTree = "<group>"; };
		1B9D50112A4C1BFC00519F43 /* Montserrat Bold 700.ttf */ = {isa = PBXFileReference; lastKnownFileType = file; path = "Montserrat Bold 700.ttf"; sourceTree = "<group>"; };
		1B9D50122A4C1BFC00519F43 /* Montserrat Thin 250.ttf */ = {isa = PBXFileReference; lastKnownFileType = file; path = "Montserrat Thin 250.ttf"; sourceTree = "<group>"; };
		1B9D50132A4C1BFC00519F43 /* EvilIcons.ttf */ = {isa = PBXFileReference; lastKnownFileType = file; path = EvilIcons.ttf; sourceTree = "<group>"; };
		1B9D50142A4C1BFC00519F43 /* Montserrat Medium 500.ttf */ = {isa = PBXFileReference; lastKnownFileType = file; path = "Montserrat Medium 500.ttf"; sourceTree = "<group>"; };
		1B9D50152A4C1BFC00519F43 /* Montserrat Black Italic 900.ttf */ = {isa = PBXFileReference; lastKnownFileType = file; path = "Montserrat Black Italic 900.ttf"; sourceTree = "<group>"; };
		1B9D50162A4C1BFC00519F43 /* Montserrat Thin Italic 250.ttf */ = {isa = PBXFileReference; lastKnownFileType = file; path = "Montserrat Thin Italic 250.ttf"; sourceTree = "<group>"; };
		1B9D50172A4C1BFC00519F43 /* Montserrat Bold Italic 700.ttf */ = {isa = PBXFileReference; lastKnownFileType = file; path = "Montserrat Bold Italic 700.ttf"; sourceTree = "<group>"; };
		1B9D50182A4C1BFC00519F43 /* Montserrat Light Italic 300.ttf */ = {isa = PBXFileReference; lastKnownFileType = file; path = "Montserrat Light Italic 300.ttf"; sourceTree = "<group>"; };
		1B9D50192A4C1BFC00519F43 /* SimpleLineIcons.ttf */ = {isa = PBXFileReference; lastKnownFileType = file; path = SimpleLineIcons.ttf; sourceTree = "<group>"; };
		1B9D501A2A4C1BFC00519F43 /* Montserrat SemiBold 600.ttf */ = {isa = PBXFileReference; lastKnownFileType = file; path = "Montserrat SemiBold 600.ttf"; sourceTree = "<group>"; };
		1B9D501B2A4C1BFC00519F43 /* Montserrat ExtraLight Italic 275.ttf */ = {isa = PBXFileReference; lastKnownFileType = file; path = "Montserrat ExtraLight Italic 275.ttf"; sourceTree = "<group>"; };
		1B9D501C2A4C1BFC00519F43 /* MaterialIcons.ttf */ = {isa = PBXFileReference; lastKnownFileType = file; path = MaterialIcons.ttf; sourceTree = "<group>"; };
		1B9D501D2A4C1BFC00519F43 /* Postino Italic.ttf */ = {isa = PBXFileReference; lastKnownFileType = file; path = "Postino Italic.ttf"; sourceTree = "<group>"; };
		1BCD0E9A736340A8824ED61B /* FontAwesome5_Brands.ttf */ = {isa = PBXFileReference; explicitFileType = undefined; fileEncoding = 9; includeInIndex = 0; lastKnownFileType = unknown; name = FontAwesome5_Brands.ttf; path = ../assets/fonts/FontAwesome5_Brands.ttf; sourceTree = "<group>"; };
		1D5830C5C2744D7391F0A2B9 /* Montserrat ExtraLight 275.ttf */ = {isa = PBXFileReference; explicitFileType = undefined; fileEncoding = 9; includeInIndex = 0; lastKnownFileType = unknown; name = "Montserrat ExtraLight 275.ttf"; path = "../assets/fonts/Montserrat ExtraLight 275.ttf"; sourceTree = "<group>"; };
		2FB1DB1904964B3EB65638AA /* Montserrat Bold Italic 700.ttf */ = {isa = PBXFileReference; explicitFileType = undefined; fileEncoding = 9; includeInIndex = 0; lastKnownFileType = unknown; name = "Montserrat Bold Italic 700.ttf"; path = "../assets/fonts/Montserrat Bold Italic 700.ttf"; sourceTree = "<group>"; };
		31FFB277C1D5476CACF10ECE /* Montserrat SemiBold 600.ttf */ = {isa = PBXFileReference; explicitFileType = undefined; fileEncoding = 9; includeInIndex = 0; lastKnownFileType = unknown; name = "Montserrat SemiBold 600.ttf"; path = "../assets/fonts/Montserrat SemiBold 600.ttf"; sourceTree = "<group>"; };
		3B4392A12AC88292D35C810B /* Pods-MyappReactNative.debug.xcconfig */ = {isa = PBXFileReference; includeInIndex = 1; lastKnownFileType = text.xcconfig; name = "Pods-MyappReactNative.debug.xcconfig"; path = "Target Support Files/Pods-MyappReactNative/Pods-MyappReactNative.debug.xcconfig"; sourceTree = "<group>"; };
		4267C64A91044D30955465FE /* Fontisto.ttf */ = {isa = PBXFileReference; explicitFileType = undefined; fileEncoding = 9; includeInIndex = 0; lastKnownFileType = unknown; name = Fontisto.ttf; path = ../assets/fonts/Fontisto.ttf; sourceTree = "<group>"; };
		4CA992E4229E4532934848E4 /* Montserrat Bold 700.ttf */ = {isa = PBXFileReference; explicitFileType = undefined; fileEncoding = 9; includeInIndex = 0; lastKnownFileType = unknown; name = "Montserrat Bold 700.ttf"; path = "../assets/fonts/Montserrat Bold 700.ttf"; sourceTree = "<group>"; };
		525D208F758C407CBF1CC768 /* Foundation.ttf */ = {isa = PBXFileReference; explicitFileType = undefined; fileEncoding = 9; includeInIndex = 0; lastKnownFileType = unknown; name = Foundation.ttf; path = ../assets/fonts/Foundation.ttf; sourceTree = "<group>"; };
		55061023866543F48350433D /* Octicons.ttf */ = {isa = PBXFileReference; explicitFileType = undefined; fileEncoding = 9; includeInIndex = 0; lastKnownFileType = unknown; name = Octicons.ttf; path = ../assets/fonts/Octicons.ttf; sourceTree = "<group>"; };
		5709B34CF0A7D63546082F79 /* Pods-MyappReactNative.release.xcconfig */ = {isa = PBXFileReference; includeInIndex = 1; lastKnownFileType = text.xcconfig; name = "Pods-MyappReactNative.release.xcconfig"; path = "Target Support Files/Pods-MyappReactNative/Pods-MyappReactNative.release.xcconfig"; sourceTree = "<group>"; };
		5B7EB9410499542E8C5724F5 /* Pods-MyappReactNative-MyappReactNativeTests.debug.xcconfig */ = {isa = PBXFileReference; includeInIndex = 1; lastKnownFileType = text.xcconfig; name = "Pods-MyappReactNative-MyappReactNativeTests.debug.xcconfig"; path = "Target Support Files/Pods-MyappReactNative-MyappReactNativeTests/Pods-MyappReactNative-MyappReactNativeTests.debug.xcconfig"; sourceTree = "<group>"; };
		5DCACB8F33CDC322A6C60F78 /* libPods-MyappReactNative.a */ = {isa = PBXFileReference; explicitFileType = archive.ar; includeInIndex = 0; path = "libPods-MyappReactNative.a"; sourceTree = BUILT_PRODUCTS_DIR; };
		5F52A0B657574729815194B7 /* Montserrat Black 900.ttf */ = {isa = PBXFileReference; explicitFileType = undefined; fileEncoding = 9; includeInIndex = 0; lastKnownFileType = unknown; name = "Montserrat Black 900.ttf"; path = "../assets/fonts/Montserrat Black 900.ttf"; sourceTree = "<group>"; };
		6192ABDCFA3F4BF7B68810DD /* Postino Italic.ttf */ = {isa = PBXFileReference; explicitFileType = undefined; fileEncoding = 9; includeInIndex = 0; lastKnownFileType = unknown; name = "Postino Italic.ttf"; path = "../assets/fonts/Postino Italic.ttf"; sourceTree = "<group>"; };
		6D73C0E014C64147A56AF1D7 /* EvilIcons.ttf */ = {isa = PBXFileReference; explicitFileType = undefined; fileEncoding = 9; includeInIndex = 0; lastKnownFileType = unknown; name = EvilIcons.ttf; path = ../assets/fonts/EvilIcons.ttf; sourceTree = "<group>"; };
		6D8AC666EA254ED88C05D13F /* Montserrat Black Italic 900.ttf */ = {isa = PBXFileReference; explicitFileType = undefined; fileEncoding = 9; includeInIndex = 0; lastKnownFileType = unknown; name = "Montserrat Black Italic 900.ttf"; path = "../assets/fonts/Montserrat Black Italic 900.ttf"; sourceTree = "<group>"; };
		6F52642AAB7D4FFCB32DC4EB /* FontAwesome.ttf */ = {isa = PBXFileReference; explicitFileType = undefined; fileEncoding = 9; includeInIndex = 0; lastKnownFileType = unknown; name = FontAwesome.ttf; path = ../assets/fonts/FontAwesome.ttf; sourceTree = "<group>"; };
		81AB9BB72411601600AC10FF /* LaunchScreen.storyboard */ = {isa = PBXFileReference; fileEncoding = 4; lastKnownFileType = file.storyboard; name = LaunchScreen.storyboard; path = MyappReactNative/LaunchScreen.storyboard; sourceTree = "<group>"; };
		883CE078C6A147E386FD8DA1 /* Zocial.ttf */ = {isa = PBXFileReference; explicitFileType = undefined; fileEncoding = 9; includeInIndex = 0; lastKnownFileType = unknown; name = Zocial.ttf; path = ../assets/fonts/Zocial.ttf; sourceTree = "<group>"; };
		89C6BE57DB24E9ADA2F236DE /* Pods-MyappReactNative-MyappReactNativeTests.release.xcconfig */ = {isa = PBXFileReference; includeInIndex = 1; lastKnownFileType = text.xcconfig; name = "Pods-MyappReactNative-MyappReactNativeTests.release.xcconfig"; path = "Target Support Files/Pods-MyappReactNative-MyappReactNativeTests/Pods-MyappReactNative-MyappReactNativeTests.release.xcconfig"; sourceTree = "<group>"; };
		8E49A1610E0E48FBB9571521 /* Montserrat ExtraBold 800.ttf */ = {isa = PBXFileReference; explicitFileType = undefined; fileEncoding = 9; includeInIndex = 0; lastKnownFileType = unknown; name = "Montserrat ExtraBold 800.ttf"; path = "../assets/fonts/Montserrat ExtraBold 800.ttf"; sourceTree = "<group>"; };
		8FCF3FB287F24055941E7DE0 /* Montserrat Medium Italic 500.ttf */ = {isa = PBXFileReference; explicitFileType = undefined; fileEncoding = 9; includeInIndex = 0; lastKnownFileType = unknown; name = "Montserrat Medium Italic 500.ttf"; path = "../assets/fonts/Montserrat Medium Italic 500.ttf"; sourceTree = "<group>"; };
		9D228210AE1340F6AC43CE5C /* Feather.ttf */ = {isa = PBXFileReference; explicitFileType = undefined; fileEncoding = 9; includeInIndex = 0; lastKnownFileType = unknown; name = Feather.ttf; path = ../assets/fonts/Feather.ttf; sourceTree = "<group>"; };
		B6779501ECC146469521421D /* MaterialIcons.ttf */ = {isa = PBXFileReference; explicitFileType = undefined; fileEncoding = 9; includeInIndex = 0; lastKnownFileType = unknown; name = MaterialIcons.ttf; path = ../assets/fonts/MaterialIcons.ttf; sourceTree = "<group>"; };
		C2B5A434DC9A4602927E6A28 /* Montserrat Medium 500.ttf */ = {isa = PBXFileReference; explicitFileType = undefined; fileEncoding = 9; includeInIndex = 0; lastKnownFileType = unknown; name = "Montserrat Medium 500.ttf"; path = "../assets/fonts/Montserrat Medium 500.ttf"; sourceTree = "<group>"; };
		C464EB473E844A5490210EC9 /* Montserrat Italic 400.ttf */ = {isa = PBXFileReference; explicitFileType = undefined; fileEncoding = 9; includeInIndex = 0; lastKnownFileType = unknown; name = "Montserrat Italic 400.ttf"; path = "../assets/fonts/Montserrat Italic 400.ttf"; sourceTree = "<group>"; };
		CD0127B210A14C2E817A230A /* Montserrat Thin 250.ttf */ = {isa = PBXFileReference; explicitFileType = undefined; fileEncoding = 9; includeInIndex = 0; lastKnownFileType = unknown; name = "Montserrat Thin 250.ttf"; path = "../assets/fonts/Montserrat Thin 250.ttf"; sourceTree = "<group>"; };
		D0999DDFD61D4798B917FE7F /* Entypo.ttf */ = {isa = PBXFileReference; explicitFileType = undefined; fileEncoding = 9; includeInIndex = 0; lastKnownFileType = unknown; name = Entypo.ttf; path = ../assets/fonts/Entypo.ttf; sourceTree = "<group>"; };
		D2C855B1D1E644B1A06A46D5 /* Montserrat Light Italic 300.ttf */ = {isa = PBXFileReference; explicitFileType = undefined; fileEncoding = 9; includeInIndex = 0; lastKnownFileType = unknown; name = "Montserrat Light Italic 300.ttf"; path = "../assets/fonts/Montserrat Light Italic 300.ttf"; sourceTree = "<group>"; };
		D398088CB3124903943803EB /* SimpleLineIcons.ttf */ = {isa = PBXFileReference; explicitFileType = undefined; fileEncoding = 9; includeInIndex = 0; lastKnownFileType = unknown; name = SimpleLineIcons.ttf; path = ../assets/fonts/SimpleLineIcons.ttf; sourceTree = "<group>"; };
		D3B923B9ED7F4C7996BB81B8 /* Montserrat ExtraBold Italic 800.ttf */ = {isa = PBXFileReference; explicitFileType = undefined; fileEncoding = 9; includeInIndex = 0; lastKnownFileType = unknown; name = "Montserrat ExtraBold Italic 800.ttf"; path = "../assets/fonts/Montserrat ExtraBold Italic 800.ttf"; sourceTree = "<group>"; };
		D6230CDF5747425BAF9D5696 /* Montserrat SemiBold Italic 600.ttf */ = {isa = PBXFileReference; explicitFileType = undefined; fileEncoding = 9; includeInIndex = 0; lastKnownFileType = unknown; name = "Montserrat SemiBold Italic 600.ttf"; path = "../assets/fonts/Montserrat SemiBold Italic 600.ttf"; sourceTree = "<group>"; };
		E88B180EA19B45DCB8F3E0D0 /* Ionicons.ttf */ = {isa = PBXFileReference; explicitFileType = undefined; fileEncoding = 9; includeInIndex = 0; lastKnownFileType = unknown; name = Ionicons.ttf; path = ../assets/fonts/Ionicons.ttf; sourceTree = "<group>"; };
		ED297162215061F000B7C4FE /* JavaScriptCore.framework */ = {isa = PBXFileReference; lastKnownFileType = wrapper.framework; name = JavaScriptCore.framework; path = System/Library/Frameworks/JavaScriptCore.framework; sourceTree = SDKROOT; };
		EE9E5F9D55854D6BB1055D34 /* FontAwesome5_Solid.ttf */ = {isa = PBXFileReference; explicitFileType = undefined; fileEncoding = 9; includeInIndex = 0; lastKnownFileType = unknown; name = FontAwesome5_Solid.ttf; path = ../assets/fonts/FontAwesome5_Solid.ttf; sourceTree = "<group>"; };
		F00C4B5378CB49E39432ADD9 /* FontAwesome5_Regular.ttf */ = {isa = PBXFileReference; explicitFileType = undefined; fileEncoding = 9; includeInIndex = 0; lastKnownFileType = unknown; name = FontAwesome5_Regular.ttf; path = ../assets/fonts/FontAwesome5_Regular.ttf; sourceTree = "<group>"; };
		F9ED3D0EE3EA438BBB45C108 /* Montserrat Thin Italic 250.ttf */ = {isa = PBXFileReference; explicitFileType = undefined; fileEncoding = 9; includeInIndex = 0; lastKnownFileType = unknown; name = "Montserrat Thin Italic 250.ttf"; path = "../assets/fonts/Montserrat Thin Italic 250.ttf"; sourceTree = "<group>"; };
/* End PBXFileReference section */

/* Begin PBXFrameworksBuildPhase section */
		00E356EB1AD99517003FC87E /* Frameworks */ = {
			isa = PBXFrameworksBuildPhase;
			buildActionMask = 2147483647;
			files = (
				7699B88040F8A987B510C191 /* libPods-MyappReactNative-MyappReactNativeTests.a in Frameworks */,
			);
			runOnlyForDeploymentPostprocessing = 0;
		};
		13B07F8C1A680F5B00A75B9A /* Frameworks */ = {
			isa = PBXFrameworksBuildPhase;
			buildActionMask = 2147483647;
			files = (
				0C80B921A6F3F58F76C31292 /* libPods-MyappReactNative.a in Frameworks */,
			);
			runOnlyForDeploymentPostprocessing = 0;
		};
/* End PBXFrameworksBuildPhase section */

/* Begin PBXGroup section */
		00E356EF1AD99517003FC87E /* MyappReactNativeTests */ = {
			isa = PBXGroup;
			children = (
				00E356F21AD99517003FC87E /* MyappReactNativeTests.m */,
				00E356F01AD99517003FC87E /* Supporting Files */,
			);
			path = MyappReactNativeTests;
			sourceTree = "<group>";
		};
		00E356F01AD99517003FC87E /* Supporting Files */ = {
			isa = PBXGroup;
			children = (
				00E356F11AD99517003FC87E /* Info.plist */,
			);
			name = "Supporting Files";
			sourceTree = "<group>";
		};
		13B07FAE1A68108700A75B9A /* MyappReactNative */ = {
			isa = PBXGroup;
			children = (
				1B726F142AA0884600368DBD /* Assets */,
				1B9D4FFB2A4C1BFB00519F43 /* Fonts */,
				13B07FAF1A68108700A75B9A /* AppDelegate.h */,
				13B07FB01A68108700A75B9A /* AppDelegate.mm */,
				13B07FB51A68108700A75B9A /* Images.xcassets */,
				13B07FB61A68108700A75B9A /* Info.plist */,
				81AB9BB72411601600AC10FF /* LaunchScreen.storyboard */,
				13B07FB71A68108700A75B9A /* main.m */,
			);
			name = MyappReactNative;
			sourceTree = "<group>";
		};
		1B726F142AA0884600368DBD /* Assets */ = {
			isa = PBXGroup;
			children = (
				1B726F152AA0886800368DBD /* logoPDJ.png */,
			);
			path = Assets;
			sourceTree = "<group>";
		};
		1B9D4FFB2A4C1BFB00519F43 /* Fonts */ = {
			isa = PBXGroup;
			children = (
				1B9D4FFC2A4C1BFB00519F43 /* Montserrat ExtraBold 800.ttf */,
				1B9D4FFD2A4C1BFB00519F43 /* Fontisto.ttf */,
				1B9D4FFE2A4C1BFB00519F43 /* Octicons.ttf */,
				1B9D4FFF2A4C1BFB00519F43 /* Montserrat Italic 400.ttf */,
				1B9D50002A4C1BFC00519F43 /* Feather.ttf */,
				1B9D50012A4C1BFC00519F43 /* Montserrat Light 300.ttf */,
				1B9D50022A4C1BFC00519F43 /* Montserrat ExtraLight 275.ttf */,
				1B9D50032A4C1BFC00519F43 /* Entypo.ttf */,
				1B9D50042A4C1BFC00519F43 /* FontAwesome5_Brands.ttf */,
				1B9D50052A4C1BFC00519F43 /* MaterialCommunityIcons.ttf */,
				1B9D50062A4C1BFC00519F43 /* Montserrat ExtraBold Italic 800.ttf */,
				1B9D50072A4C1BFC00519F43 /* Montserrat Medium Italic 500.ttf */,
				1B9D50082A4C1BFC00519F43 /* AntDesign.ttf */,
				1B9D50092A4C1BFC00519F43 /* Foundation.ttf */,
				1B9D500A2A4C1BFC00519F43 /* Ionicons.ttf */,
				1B9D500B2A4C1BFC00519F43 /* FontAwesome5_Solid.ttf */,
				1B9D500C2A4C1BFC00519F43 /* FontAwesome5_Regular.ttf */,
				1B9D500D2A4C1BFC00519F43 /* Montserrat Black 900.ttf */,
				1B9D500E2A4C1BFC00519F43 /* Montserrat SemiBold Italic 600.ttf */,
				1B9D500F2A4C1BFC00519F43 /* FontAwesome.ttf */,
				1B9D50102A4C1BFC00519F43 /* Zocial.ttf */,
				1B9D50112A4C1BFC00519F43 /* Montserrat Bold 700.ttf */,
				1B9D50122A4C1BFC00519F43 /* Montserrat Thin 250.ttf */,
				1B9D50132A4C1BFC00519F43 /* EvilIcons.ttf */,
				1B9D50142A4C1BFC00519F43 /* Montserrat Medium 500.ttf */,
				1B9D50152A4C1BFC00519F43 /* Montserrat Black Italic 900.ttf */,
				1B9D50162A4C1BFC00519F43 /* Montserrat Thin Italic 250.ttf */,
				1B9D50172A4C1BFC00519F43 /* Montserrat Bold Italic 700.ttf */,
				1B9D50182A4C1BFC00519F43 /* Montserrat Light Italic 300.ttf */,
				1B9D50192A4C1BFC00519F43 /* SimpleLineIcons.ttf */,
				1B9D501A2A4C1BFC00519F43 /* Montserrat SemiBold 600.ttf */,
				1B9D501B2A4C1BFC00519F43 /* Montserrat ExtraLight Italic 275.ttf */,
				1B9D501C2A4C1BFC00519F43 /* MaterialIcons.ttf */,
				1B9D501D2A4C1BFC00519F43 /* Postino Italic.ttf */,
			);
			name = Fonts;
			path = "../node_modules/react-native-vector-icons/Fonts";
			sourceTree = "<group>";
		};
		2D16E6871FA4F8E400B85C8A /* Frameworks */ = {
			isa = PBXGroup;
			children = (
				ED297162215061F000B7C4FE /* JavaScriptCore.framework */,
				5DCACB8F33CDC322A6C60F78 /* libPods-MyappReactNative.a */,
				19F6CBCC0A4E27FBF8BF4A61 /* libPods-MyappReactNative-MyappReactNativeTests.a */,
			);
			name = Frameworks;
			sourceTree = "<group>";
		};
		832341AE1AAA6A7D00B99B32 /* Libraries */ = {
			isa = PBXGroup;
			children = (
			);
			name = Libraries;
			sourceTree = "<group>";
		};
		83CBB9F61A601CBA00E9B192 = {
			isa = PBXGroup;
			children = (
				13B07FAE1A68108700A75B9A /* MyappReactNative */,
				832341AE1AAA6A7D00B99B32 /* Libraries */,
				00E356EF1AD99517003FC87E /* MyappReactNativeTests */,
				83CBBA001A601CBA00E9B192 /* Products */,
				2D16E6871FA4F8E400B85C8A /* Frameworks */,
				BBD78D7AC51CEA395F1C20DB /* Pods */,
				894E8B7B2B394208864082AF /* Resources */,
			);
			indentWidth = 2;
			sourceTree = "<group>";
			tabWidth = 2;
			usesTabs = 0;
		};
		83CBBA001A601CBA00E9B192 /* Products */ = {
			isa = PBXGroup;
			children = (
				13B07F961A680F5B00A75B9A /* MyappReactNative.app */,
				00E356EE1AD99517003FC87E /* MyappReactNativeTests.xctest */,
			);
			name = Products;
			sourceTree = "<group>";
		};
		894E8B7B2B394208864082AF /* Resources */ = {
			isa = PBXGroup;
			children = (
				08253D15F8C84044AF4DB983 /* AntDesign.ttf */,
				D0999DDFD61D4798B917FE7F /* Entypo.ttf */,
				6D73C0E014C64147A56AF1D7 /* EvilIcons.ttf */,
				9D228210AE1340F6AC43CE5C /* Feather.ttf */,
				6F52642AAB7D4FFCB32DC4EB /* FontAwesome.ttf */,
				1BCD0E9A736340A8824ED61B /* FontAwesome5_Brands.ttf */,
				F00C4B5378CB49E39432ADD9 /* FontAwesome5_Regular.ttf */,
				EE9E5F9D55854D6BB1055D34 /* FontAwesome5_Solid.ttf */,
				4267C64A91044D30955465FE /* Fontisto.ttf */,
				525D208F758C407CBF1CC768 /* Foundation.ttf */,
				E88B180EA19B45DCB8F3E0D0 /* Ionicons.ttf */,
				0A0604C535E24A1EB1D580DE /* MaterialCommunityIcons.ttf */,
				B6779501ECC146469521421D /* MaterialIcons.ttf */,
				5F52A0B657574729815194B7 /* Montserrat Black 900.ttf */,
				6D8AC666EA254ED88C05D13F /* Montserrat Black Italic 900.ttf */,
				4CA992E4229E4532934848E4 /* Montserrat Bold 700.ttf */,
				2FB1DB1904964B3EB65638AA /* Montserrat Bold Italic 700.ttf */,
				8E49A1610E0E48FBB9571521 /* Montserrat ExtraBold 800.ttf */,
				D3B923B9ED7F4C7996BB81B8 /* Montserrat ExtraBold Italic 800.ttf */,
				1D5830C5C2744D7391F0A2B9 /* Montserrat ExtraLight 275.ttf */,
				05164D31F637469B8007103F /* Montserrat ExtraLight Italic 275.ttf */,
				C464EB473E844A5490210EC9 /* Montserrat Italic 400.ttf */,
				012753EEAA1E42278210EDAD /* Montserrat Light 300.ttf */,
				D2C855B1D1E644B1A06A46D5 /* Montserrat Light Italic 300.ttf */,
				C2B5A434DC9A4602927E6A28 /* Montserrat Medium 500.ttf */,
				8FCF3FB287F24055941E7DE0 /* Montserrat Medium Italic 500.ttf */,
				31FFB277C1D5476CACF10ECE /* Montserrat SemiBold 600.ttf */,
				D6230CDF5747425BAF9D5696 /* Montserrat SemiBold Italic 600.ttf */,
				CD0127B210A14C2E817A230A /* Montserrat Thin 250.ttf */,
				F9ED3D0EE3EA438BBB45C108 /* Montserrat Thin Italic 250.ttf */,
				55061023866543F48350433D /* Octicons.ttf */,
				6192ABDCFA3F4BF7B68810DD /* Postino Italic.ttf */,
				D398088CB3124903943803EB /* SimpleLineIcons.ttf */,
				883CE078C6A147E386FD8DA1 /* Zocial.ttf */,
			);
			name = Resources;
			sourceTree = "<group>";
		};
		BBD78D7AC51CEA395F1C20DB /* Pods */ = {
			isa = PBXGroup;
			children = (
				3B4392A12AC88292D35C810B /* Pods-MyappReactNative.debug.xcconfig */,
				5709B34CF0A7D63546082F79 /* Pods-MyappReactNative.release.xcconfig */,
				5B7EB9410499542E8C5724F5 /* Pods-MyappReactNative-MyappReactNativeTests.debug.xcconfig */,
				89C6BE57DB24E9ADA2F236DE /* Pods-MyappReactNative-MyappReactNativeTests.release.xcconfig */,
			);
			path = Pods;
			sourceTree = "<group>";
		};
/* End PBXGroup section */

/* Begin PBXNativeTarget section */
		00E356ED1AD99517003FC87E /* MyappReactNativeTests */ = {
			isa = PBXNativeTarget;
			buildConfigurationList = 00E357021AD99517003FC87E /* Build configuration list for PBXNativeTarget "MyappReactNativeTests" */;
			buildPhases = (
				A55EABD7B0C7F3A422A6CC61 /* [CP] Check Pods Manifest.lock */,
				00E356EA1AD99517003FC87E /* Sources */,
				00E356EB1AD99517003FC87E /* Frameworks */,
				00E356EC1AD99517003FC87E /* Resources */,
				C59DA0FBD6956966B86A3779 /* [CP] Embed Pods Frameworks */,
				F6A41C54EA430FDDC6A6ED99 /* [CP] Copy Pods Resources */,
			);
			buildRules = (
			);
			dependencies = (
				00E356F51AD99517003FC87E /* PBXTargetDependency */,
			);
			name = MyappReactNativeTests;
			productName = MyappReactNativeTests;
			productReference = 00E356EE1AD99517003FC87E /* MyappReactNativeTests.xctest */;
			productType = "com.apple.product-type.bundle.unit-test";
		};
		13B07F861A680F5B00A75B9A /* MyappReactNative */ = {
			isa = PBXNativeTarget;
			buildConfigurationList = 13B07F931A680F5B00A75B9A /* Build configuration list for PBXNativeTarget "MyappReactNative" */;
			buildPhases = (
				C38B50BA6285516D6DCD4F65 /* [CP] Check Pods Manifest.lock */,
				FD10A7F022414F080027D42C /* Start Packager */,
				13B07F871A680F5B00A75B9A /* Sources */,
				13B07F8C1A680F5B00A75B9A /* Frameworks */,
				13B07F8E1A680F5B00A75B9A /* Resources */,
				00DD1BFF1BD5951E006B06BC /* Bundle React Native code and images */,
				00EEFC60759A1932668264C0 /* [CP] Embed Pods Frameworks */,
				E235C05ADACE081382539298 /* [CP] Copy Pods Resources */,
			);
			buildRules = (
			);
			dependencies = (
			);
			name = MyappReactNative;
			productName = MyappReactNative;
			productReference = 13B07F961A680F5B00A75B9A /* MyappReactNative.app */;
			productType = "com.apple.product-type.application";
		};
/* End PBXNativeTarget section */

/* Begin PBXProject section */
		83CBB9F71A601CBA00E9B192 /* Project object */ = {
			isa = PBXProject;
			attributes = {
				BuildIndependentTargetsInParallel = YES;
				LastUpgradeCheck = 1430;
				TargetAttributes = {
					00E356ED1AD99517003FC87E = {
						CreatedOnToolsVersion = 6.2;
						TestTargetID = 13B07F861A680F5B00A75B9A;
					};
					13B07F861A680F5B00A75B9A = {
						LastSwiftMigration = 1120;
					};
				};
			};
			buildConfigurationList = 83CBB9FA1A601CBA00E9B192 /* Build configuration list for PBXProject "MyappReactNative" */;
			compatibilityVersion = "Xcode 12.0";
			developmentRegion = en;
			hasScannedForEncodings = 0;
			knownRegions = (
				en,
				Base,
			);
			mainGroup = 83CBB9F61A601CBA00E9B192;
			productRefGroup = 83CBBA001A601CBA00E9B192 /* Products */;
			projectDirPath = "";
			projectRoot = "";
			targets = (
				13B07F861A680F5B00A75B9A /* MyappReactNative */,
				00E356ED1AD99517003FC87E /* MyappReactNativeTests */,
			);
		};
/* End PBXProject section */

/* Begin PBXResourcesBuildPhase section */
		00E356EC1AD99517003FC87E /* Resources */ = {
			isa = PBXResourcesBuildPhase;
			buildActionMask = 2147483647;
			files = (
			);
			runOnlyForDeploymentPostprocessing = 0;
		};
		13B07F8E1A680F5B00A75B9A /* Resources */ = {
			isa = PBXResourcesBuildPhase;
			buildActionMask = 2147483647;
			files = (
				1B9D50202A4C1BFC00519F43 /* Octicons.ttf in Resources */,
				1B9D50382A4C1BFC00519F43 /* Montserrat Thin Italic 250.ttf in Resources */,
				1B9D50312A4C1BFC00519F43 /* FontAwesome.ttf in Resources */,
				1B9D503D2A4C1BFC00519F43 /* Montserrat ExtraLight Italic 275.ttf in Resources */,
				1B9D50372A4C1BFC00519F43 /* Montserrat Black Italic 900.ttf in Resources */,
				1B9D50332A4C1BFC00519F43 /* Montserrat Bold 700.ttf in Resources */,
				1B9D502B2A4C1BFC00519F43 /* Foundation.ttf in Resources */,
				1B9D50222A4C1BFC00519F43 /* Feather.ttf in Resources */,
				1B9D501E2A4C1BFC00519F43 /* Montserrat ExtraBold 800.ttf in Resources */,
				1B9D502C2A4C1BFC00519F43 /* Ionicons.ttf in Resources */,
				1B9D50352A4C1BFC00519F43 /* EvilIcons.ttf in Resources */,
				1B9D502F2A4C1BFC00519F43 /* Montserrat Black 900.ttf in Resources */,
				1B9D50252A4C1BFC00519F43 /* Entypo.ttf in Resources */,
				1B9D503A2A4C1BFC00519F43 /* Montserrat Light Italic 300.ttf in Resources */,
				1B9D50282A4C1BFC00519F43 /* Montserrat ExtraBold Italic 800.ttf in Resources */,
				1B9D50392A4C1BFC00519F43 /* Montserrat Bold Italic 700.ttf in Resources */,
				81AB9BB82411601600AC10FF /* LaunchScreen.storyboard in Resources */,
				1B9D50262A4C1BFC00519F43 /* FontAwesome5_Brands.ttf in Resources */,
				1B9D50342A4C1BFC00519F43 /* Montserrat Thin 250.ttf in Resources */,
				1B726F162AA0886800368DBD /* logoPDJ.png in Resources */,
				1B9D50242A4C1BFC00519F43 /* Montserrat ExtraLight 275.ttf in Resources */,
				1B9D502E2A4C1BFC00519F43 /* FontAwesome5_Regular.ttf in Resources */,
				1B9D501F2A4C1BFC00519F43 /* Fontisto.ttf in Resources */,
				1B9D502A2A4C1BFC00519F43 /* AntDesign.ttf in Resources */,
				1B9D50212A4C1BFC00519F43 /* Montserrat Italic 400.ttf in Resources */,
				1B9D50302A4C1BFC00519F43 /* Montserrat SemiBold Italic 600.ttf in Resources */,
				1B9D50232A4C1BFC00519F43 /* Montserrat Light 300.ttf in Resources */,
				1B9D503C2A4C1BFC00519F43 /* Montserrat SemiBold 600.ttf in Resources */,
				1B9D503E2A4C1BFC00519F43 /* MaterialIcons.ttf in Resources */,
				1B9D50272A4C1BFC00519F43 /* MaterialCommunityIcons.ttf in Resources */,
				1B9D50362A4C1BFC00519F43 /* Montserrat Medium 500.ttf in Resources */,
				1B9D502D2A4C1BFC00519F43 /* FontAwesome5_Solid.ttf in Resources */,
				1B9D50292A4C1BFC00519F43 /* Montserrat Medium Italic 500.ttf in Resources */,
				1B9D503F2A4C1BFC00519F43 /* Postino Italic.ttf in Resources */,
				1B9D503B2A4C1BFC00519F43 /* SimpleLineIcons.ttf in Resources */,
				1B9D50322A4C1BFC00519F43 /* Zocial.ttf in Resources */,
				13B07FBF1A68108700A75B9A /* Images.xcassets in Resources */,
			);
			runOnlyForDeploymentPostprocessing = 0;
		};
/* End PBXResourcesBuildPhase section */

/* Begin PBXShellScriptBuildPhase section */
		00DD1BFF1BD5951E006B06BC /* Bundle React Native code and images */ = {
			isa = PBXShellScriptBuildPhase;
			buildActionMask = 2147483647;
			files = (
			);
			inputPaths = (
				"$(SRCROOT)/.xcode.env.local",
				"$(SRCROOT)/.xcode.env",
			);
			name = "Bundle React Native code and images";
			outputPaths = (
			);
			runOnlyForDeploymentPostprocessing = 0;
			shellPath = /bin/sh;
			shellScript = "set -e\n\nWITH_ENVIRONMENT=\"../node_modules/react-native/scripts/xcode/with-environment.sh\"\nREACT_NATIVE_XCODE=\"../node_modules/react-native/scripts/react-native-xcode.sh\"\n\n/bin/sh -c \"$WITH_ENVIRONMENT $REACT_NATIVE_XCODE\"\n";
		};
		00EEFC60759A1932668264C0 /* [CP] Embed Pods Frameworks */ = {
			isa = PBXShellScriptBuildPhase;
			buildActionMask = 2147483647;
			files = (
			);
			inputFileListPaths = (
				"${PODS_ROOT}/Target Support Files/Pods-MyappReactNative/Pods-MyappReactNative-frameworks-${CONFIGURATION}-input-files.xcfilelist",
			);
			name = "[CP] Embed Pods Frameworks";
			outputFileListPaths = (
				"${PODS_ROOT}/Target Support Files/Pods-MyappReactNative/Pods-MyappReactNative-frameworks-${CONFIGURATION}-output-files.xcfilelist",
			);
			runOnlyForDeploymentPostprocessing = 0;
			shellPath = /bin/sh;
			shellScript = "\"${PODS_ROOT}/Target Support Files/Pods-MyappReactNative/Pods-MyappReactNative-frameworks.sh\"\n";
			showEnvVarsInLog = 0;
		};
		A55EABD7B0C7F3A422A6CC61 /* [CP] Check Pods Manifest.lock */ = {
			isa = PBXShellScriptBuildPhase;
			buildActionMask = 2147483647;
			files = (
			);
			inputFileListPaths = (
			);
			inputPaths = (
				"${PODS_PODFILE_DIR_PATH}/Podfile.lock",
				"${PODS_ROOT}/Manifest.lock",
			);
			name = "[CP] Check Pods Manifest.lock";
			outputFileListPaths = (
			);
			outputPaths = (
				"$(DERIVED_FILE_DIR)/Pods-MyappReactNative-MyappReactNativeTests-checkManifestLockResult.txt",
			);
			runOnlyForDeploymentPostprocessing = 0;
			shellPath = /bin/sh;
			shellScript = "diff \"${PODS_PODFILE_DIR_PATH}/Podfile.lock\" \"${PODS_ROOT}/Manifest.lock\" > /dev/null\nif [ $? != 0 ] ; then\n    # print error to STDERR\n    echo \"error: The sandbox is not in sync with the Podfile.lock. Run 'pod install' or update your CocoaPods installation.\" >&2\n    exit 1\nfi\n# This output is used by Xcode 'outputs' to avoid re-running this script phase.\necho \"SUCCESS\" > \"${SCRIPT_OUTPUT_FILE_0}\"\n";
			showEnvVarsInLog = 0;
		};
		C38B50BA6285516D6DCD4F65 /* [CP] Check Pods Manifest.lock */ = {
			isa = PBXShellScriptBuildPhase;
			buildActionMask = 2147483647;
			files = (
			);
			inputFileListPaths = (
			);
			inputPaths = (
				"${PODS_PODFILE_DIR_PATH}/Podfile.lock",
				"${PODS_ROOT}/Manifest.lock",
			);
			name = "[CP] Check Pods Manifest.lock";
			outputFileListPaths = (
			);
			outputPaths = (
				"$(DERIVED_FILE_DIR)/Pods-MyappReactNative-checkManifestLockResult.txt",
			);
			runOnlyForDeploymentPostprocessing = 0;
			shellPath = /bin/sh;
			shellScript = "diff \"${PODS_PODFILE_DIR_PATH}/Podfile.lock\" \"${PODS_ROOT}/Manifest.lock\" > /dev/null\nif [ $? != 0 ] ; then\n    # print error to STDERR\n    echo \"error: The sandbox is not in sync with the Podfile.lock. Run 'pod install' or update your CocoaPods installation.\" >&2\n    exit 1\nfi\n# This output is used by Xcode 'outputs' to avoid re-running this script phase.\necho \"SUCCESS\" > \"${SCRIPT_OUTPUT_FILE_0}\"\n";
			showEnvVarsInLog = 0;
		};
		C59DA0FBD6956966B86A3779 /* [CP] Embed Pods Frameworks */ = {
			isa = PBXShellScriptBuildPhase;
			buildActionMask = 2147483647;
			files = (
			);
			inputFileListPaths = (
				"${PODS_ROOT}/Target Support Files/Pods-MyappReactNative-MyappReactNativeTests/Pods-MyappReactNative-MyappReactNativeTests-frameworks-${CONFIGURATION}-input-files.xcfilelist",
			);
			name = "[CP] Embed Pods Frameworks";
			outputFileListPaths = (
				"${PODS_ROOT}/Target Support Files/Pods-MyappReactNative-MyappReactNativeTests/Pods-MyappReactNative-MyappReactNativeTests-frameworks-${CONFIGURATION}-output-files.xcfilelist",
			);
			runOnlyForDeploymentPostprocessing = 0;
			shellPath = /bin/sh;
			shellScript = "\"${PODS_ROOT}/Target Support Files/Pods-MyappReactNative-MyappReactNativeTests/Pods-MyappReactNative-MyappReactNativeTests-frameworks.sh\"\n";
			showEnvVarsInLog = 0;
		};
		E235C05ADACE081382539298 /* [CP] Copy Pods Resources */ = {
			isa = PBXShellScriptBuildPhase;
			buildActionMask = 2147483647;
			files = (
			);
			inputFileListPaths = (
				"${PODS_ROOT}/Target Support Files/Pods-MyappReactNative/Pods-MyappReactNative-resources-${CONFIGURATION}-input-files.xcfilelist",
			);
			name = "[CP] Copy Pods Resources";
			outputFileListPaths = (
				"${PODS_ROOT}/Target Support Files/Pods-MyappReactNative/Pods-MyappReactNative-resources-${CONFIGURATION}-output-files.xcfilelist",
			);
			runOnlyForDeploymentPostprocessing = 0;
			shellPath = /bin/sh;
			shellScript = "\"${PODS_ROOT}/Target Support Files/Pods-MyappReactNative/Pods-MyappReactNative-resources.sh\"\n";
			showEnvVarsInLog = 0;
		};
		F6A41C54EA430FDDC6A6ED99 /* [CP] Copy Pods Resources */ = {
			isa = PBXShellScriptBuildPhase;
			buildActionMask = 2147483647;
			files = (
			);
			inputFileListPaths = (
				"${PODS_ROOT}/Target Support Files/Pods-MyappReactNative-MyappReactNativeTests/Pods-MyappReactNative-MyappReactNativeTests-resources-${CONFIGURATION}-input-files.xcfilelist",
			);
			name = "[CP] Copy Pods Resources";
			outputFileListPaths = (
				"${PODS_ROOT}/Target Support Files/Pods-MyappReactNative-MyappReactNativeTests/Pods-MyappReactNative-MyappReactNativeTests-resources-${CONFIGURATION}-output-files.xcfilelist",
			);
			runOnlyForDeploymentPostprocessing = 0;
			shellPath = /bin/sh;
			shellScript = "\"${PODS_ROOT}/Target Support Files/Pods-MyappReactNative-MyappReactNativeTests/Pods-MyappReactNative-MyappReactNativeTests-resources.sh\"\n";
			showEnvVarsInLog = 0;
		};
		FD10A7F022414F080027D42C /* Start Packager */ = {
			isa = PBXShellScriptBuildPhase;
			buildActionMask = 2147483647;
			files = (
			);
			inputFileListPaths = (
			);
			inputPaths = (
			);
			name = "Start Packager";
			outputFileListPaths = (
			);
			outputPaths = (
			);
			runOnlyForDeploymentPostprocessing = 0;
			shellPath = /bin/sh;
			shellScript = "export RCT_METRO_PORT=\"${RCT_METRO_PORT:=8081}\"\necho \"export RCT_METRO_PORT=${RCT_METRO_PORT}\" > \"${SRCROOT}/../node_modules/react-native/scripts/.packager.env\"\nif [ -z \"${RCT_NO_LAUNCH_PACKAGER+xxx}\" ] ; then\n  if nc -w 5 -z localhost ${RCT_METRO_PORT} ; then\n    if ! curl -s \"http://localhost:${RCT_METRO_PORT}/status\" | grep -q \"packager-status:running\" ; then\n      echo \"Port ${RCT_METRO_PORT} already in use, packager is either not running or not running correctly\"\n      exit 2\n    fi\n  else\n    open \"$SRCROOT/../node_modules/react-native/scripts/launchPackager.command\" || echo \"Can't start packager automatically\"\n  fi\nfi\n";
			showEnvVarsInLog = 0;
		};
/* End PBXShellScriptBuildPhase section */

/* Begin PBXSourcesBuildPhase section */
		00E356EA1AD99517003FC87E /* Sources */ = {
			isa = PBXSourcesBuildPhase;
			buildActionMask = 2147483647;
			files = (
				00E356F31AD99517003FC87E /* MyappReactNativeTests.m in Sources */,
			);
			runOnlyForDeploymentPostprocessing = 0;
		};
		13B07F871A680F5B00A75B9A /* Sources */ = {
			isa = PBXSourcesBuildPhase;
			buildActionMask = 2147483647;
			files = (
				13B07FBC1A68108700A75B9A /* AppDelegate.mm in Sources */,
				13B07FC11A68108700A75B9A /* main.m in Sources */,
			);
			runOnlyForDeploymentPostprocessing = 0;
		};
/* End PBXSourcesBuildPhase section */

/* Begin PBXTargetDependency section */
		00E356F51AD99517003FC87E /* PBXTargetDependency */ = {
			isa = PBXTargetDependency;
			target = 13B07F861A680F5B00A75B9A /* MyappReactNative */;
			targetProxy = 00E356F41AD99517003FC87E /* PBXContainerItemProxy */;
		};
/* End PBXTargetDependency section */

/* Begin XCBuildConfiguration section */
		00E356F61AD99517003FC87E /* Debug */ = {
			isa = XCBuildConfiguration;
			baseConfigurationReference = 5B7EB9410499542E8C5724F5 /* Pods-MyappReactNative-MyappReactNativeTests.debug.xcconfig */;
			buildSettings = {
				ALWAYS_EMBED_SWIFT_STANDARD_LIBRARIES = YES;
				BUNDLE_LOADER = "$(TEST_HOST)";
				GCC_PREPROCESSOR_DEFINITIONS = (
					"DEBUG=1",
					"$(inherited)",
				);
				INFOPLIST_FILE = MyappReactNativeTests/Info.plist;
				IPHONEOS_DEPLOYMENT_TARGET = 12.4;
				LD_RUNPATH_SEARCH_PATHS = (
					"$(inherited)",
					"@executable_path/Frameworks",
					"@loader_path/Frameworks",
				);
				OTHER_LDFLAGS = (
					"-ObjC",
					"-lc++",
					"$(inherited)",
				);
				PRODUCT_BUNDLE_IDENTIFIER = "org.reactjs.native.example.$(PRODUCT_NAME:rfc1034identifier)";
				PRODUCT_NAME = "$(TARGET_NAME)";
				TEST_HOST = "$(BUILT_PRODUCTS_DIR)/MyappReactNative.app/MyappReactNative";
			};
			name = Debug;
		};
		00E356F71AD99517003FC87E /* Release */ = {
			isa = XCBuildConfiguration;
			baseConfigurationReference = 89C6BE57DB24E9ADA2F236DE /* Pods-MyappReactNative-MyappReactNativeTests.release.xcconfig */;
			buildSettings = {
				ALWAYS_EMBED_SWIFT_STANDARD_LIBRARIES = YES;
				BUNDLE_LOADER = "$(TEST_HOST)";
				COPY_PHASE_STRIP = NO;
				INFOPLIST_FILE = MyappReactNativeTests/Info.plist;
				IPHONEOS_DEPLOYMENT_TARGET = 12.4;
				LD_RUNPATH_SEARCH_PATHS = (
					"$(inherited)",
					"@executable_path/Frameworks",
					"@loader_path/Frameworks",
				);
				OTHER_LDFLAGS = (
					"-ObjC",
					"-lc++",
					"$(inherited)",
				);
				PRODUCT_BUNDLE_IDENTIFIER = "org.reactjs.native.example.$(PRODUCT_NAME:rfc1034identifier)";
				PRODUCT_NAME = "$(TARGET_NAME)";
				TEST_HOST = "$(BUILT_PRODUCTS_DIR)/MyappReactNative.app/MyappReactNative";
			};
			name = Release;
		};
		13B07F941A680F5B00A75B9A /* Debug */ = {
			isa = XCBuildConfiguration;
			baseConfigurationReference = 3B4392A12AC88292D35C810B /* Pods-MyappReactNative.debug.xcconfig */;
			buildSettings = {
				ASSETCATALOG_COMPILER_APPICON_NAME = AppIcon;
				CLANG_ENABLE_MODULES = YES;
				CODE_SIGN_IDENTITY = "Apple Development";
				CODE_SIGN_STYLE = Automatic;
				CURRENT_PROJECT_VERSION = 1;
				DEVELOPMENT_TEAM = DF5WW8JDSL;
				ENABLE_BITCODE = NO;
				INFOPLIST_FILE = MyappReactNative/Info.plist;
				INFOPLIST_KEY_CFBundleDisplayName = "Click and Collect Le Pain du Jour";
				INFOPLIST_KEY_LSApplicationCategoryType = "public.app-category.food-and-drink";
				LD_RUNPATH_SEARCH_PATHS = (
					"$(inherited)",
					"@executable_path/Frameworks",
				);
				MARKETING_VERSION = 1.0;
				OTHER_LDFLAGS = (
					"$(inherited)",
					"-ObjC",
					"-lc++",
				);
				PRODUCT_BUNDLE_IDENTIFIER = "com.io.lepaindujour.clickandcollect-";
				PRODUCT_NAME = MyappReactNative;
				PROVISIONING_PROFILE_SPECIFIER = "";
				SWIFT_OPTIMIZATION_LEVEL = "-Onone";
				SWIFT_VERSION = 5.0;
				VERSIONING_SYSTEM = "apple-generic";
			};
			name = Debug;
		};
		13B07F951A680F5B00A75B9A /* Release */ = {
			isa = XCBuildConfiguration;
			baseConfigurationReference = 5709B34CF0A7D63546082F79 /* Pods-MyappReactNative.release.xcconfig */;
			buildSettings = {
				ASSETCATALOG_COMPILER_APPICON_NAME = AppIcon;
				CLANG_ENABLE_MODULES = YES;
				CODE_SIGN_IDENTITY = "Apple Development";
				CODE_SIGN_STYLE = Automatic;
				CURRENT_PROJECT_VERSION = 1;
				DEVELOPMENT_TEAM = DF5WW8JDSL;
				INFOPLIST_FILE = MyappReactNative/Info.plist;
				INFOPLIST_KEY_CFBundleDisplayName = "Click and Collect Le Pain du Jour";
				INFOPLIST_KEY_LSApplicationCategoryType = "public.app-category.food-and-drink";
				LD_RUNPATH_SEARCH_PATHS = (
					"$(inherited)",
					"@executable_path/Frameworks",
				);
				MARKETING_VERSION = 1.0;
				OTHER_LDFLAGS = (
					"$(inherited)",
					"-ObjC",
					"-lc++",
				);
				PRODUCT_BUNDLE_IDENTIFIER = "com.io.lepaindujour.clickandcollect-";
				PRODUCT_NAME = MyappReactNative;
				PROVISIONING_PROFILE_SPECIFIER = "";
				SWIFT_VERSION = 5.0;
				VERSIONING_SYSTEM = "apple-generic";
			};
			name = Release;
		};
		83CBBA201A601CBA00E9B192 /* Debug */ = {
			isa = XCBuildConfiguration;
			buildSettings = {
				ALWAYS_SEARCH_USER_PATHS = NO;
				CLANG_ANALYZER_LOCALIZABILITY_NONLOCALIZED = YES;
				CLANG_CXX_LANGUAGE_STANDARD = "c++17";
				CLANG_CXX_LIBRARY = "libc++";
				CLANG_ENABLE_MODULES = YES;
				CLANG_ENABLE_OBJC_ARC = YES;
				CLANG_WARN_BLOCK_CAPTURE_AUTORELEASING = YES;
				CLANG_WARN_BOOL_CONVERSION = YES;
				CLANG_WARN_COMMA = YES;
				CLANG_WARN_CONSTANT_CONVERSION = YES;
				CLANG_WARN_DEPRECATED_OBJC_IMPLEMENTATIONS = YES;
				CLANG_WARN_DIRECT_OBJC_ISA_USAGE = YES_ERROR;
				CLANG_WARN_EMPTY_BODY = YES;
				CLANG_WARN_ENUM_CONVERSION = YES;
				CLANG_WARN_INFINITE_RECURSION = YES;
				CLANG_WARN_INT_CONVERSION = YES;
				CLANG_WARN_NON_LITERAL_NULL_CONVERSION = YES;
				CLANG_WARN_OBJC_IMPLICIT_RETAIN_SELF = YES;
				CLANG_WARN_OBJC_LITERAL_CONVERSION = YES;
				CLANG_WARN_OBJC_ROOT_CLASS = YES_ERROR;
				CLANG_WARN_QUOTED_INCLUDE_IN_FRAMEWORK_HEADER = YES;
				CLANG_WARN_RANGE_LOOP_ANALYSIS = YES;
				CLANG_WARN_STRICT_PROTOTYPES = YES;
				CLANG_WARN_SUSPICIOUS_MOVE = YES;
				CLANG_WARN_UNREACHABLE_CODE = YES;
				CLANG_WARN__DUPLICATE_METHOD_MATCH = YES;
				"CODE_SIGN_IDENTITY[sdk=iphoneos*]" = "iPhone Developer";
				COPY_PHASE_STRIP = NO;
				ENABLE_STRICT_OBJC_MSGSEND = YES;
				ENABLE_TESTABILITY = YES;
				"EXCLUDED_ARCHS[sdk=iphonesimulator*]" = i386;
				GCC_C_LANGUAGE_STANDARD = gnu99;
				GCC_DYNAMIC_NO_PIC = NO;
				GCC_NO_COMMON_BLOCKS = YES;
				GCC_OPTIMIZATION_LEVEL = 0;
				GCC_PREPROCESSOR_DEFINITIONS = (
					"DEBUG=1",
					"$(inherited)",
				);
				GCC_SYMBOLS_PRIVATE_EXTERN = NO;
				GCC_WARN_64_TO_32_BIT_CONVERSION = YES;
				GCC_WARN_ABOUT_RETURN_TYPE = YES_ERROR;
				GCC_WARN_UNDECLARED_SELECTOR = YES;
				GCC_WARN_UNINITIALIZED_AUTOS = YES_AGGRESSIVE;
				GCC_WARN_UNUSED_FUNCTION = YES;
				GCC_WARN_UNUSED_VARIABLE = YES;
				IPHONEOS_DEPLOYMENT_TARGET = 12.4;
				LD_RUNPATH_SEARCH_PATHS = (
					/usr/lib/swift,
					"$(inherited)",
				);
				LIBRARY_SEARCH_PATHS = (
					"\"$(SDKROOT)/usr/lib/swift\"",
					"\"$(TOOLCHAIN_DIR)/usr/lib/swift/$(PLATFORM_NAME)\"",
					"\"$(inherited)\"",
				);
				MTL_ENABLE_DEBUG_INFO = YES;
				ONLY_ACTIVE_ARCH = YES;
				OTHER_CFLAGS = "$(inherited)";
				OTHER_CPLUSPLUSFLAGS = (
					"$(OTHER_CFLAGS)",
					"-DFOLLY_NO_CONFIG",
					"-DFOLLY_MOBILE=1",
					"-DFOLLY_USE_LIBCPP=1",
				);
				REACT_NATIVE_PATH = "${PODS_ROOT}/../../node_modules/react-native";
				SDKROOT = iphoneos;
			};
			name = Debug;
		};
		83CBBA211A601CBA00E9B192 /* Release */ = {
			isa = XCBuildConfiguration;
			buildSettings = {
				ALWAYS_SEARCH_USER_PATHS = NO;
				CLANG_ANALYZER_LOCALIZABILITY_NONLOCALIZED = YES;
				CLANG_CXX_LANGUAGE_STANDARD = "c++17";
				CLANG_CXX_LIBRARY = "libc++";
				CLANG_ENABLE_MODULES = YES;
				CLANG_ENABLE_OBJC_ARC = YES;
				CLANG_WARN_BLOCK_CAPTURE_AUTORELEASING = YES;
				CLANG_WARN_BOOL_CONVERSION = YES;
				CLANG_WARN_COMMA = YES;
				CLANG_WARN_CONSTANT_CONVERSION = YES;
				CLANG_WARN_DEPRECATED_OBJC_IMPLEMENTATIONS = YES;
				CLANG_WARN_DIRECT_OBJC_ISA_USAGE = YES_ERROR;
				CLANG_WARN_EMPTY_BODY = YES;
				CLANG_WARN_ENUM_CONVERSION = YES;
				CLANG_WARN_INFINITE_RECURSION = YES;
				CLANG_WARN_INT_CONVERSION = YES;
				CLANG_WARN_NON_LITERAL_NULL_CONVERSION = YES;
				CLANG_WARN_OBJC_IMPLICIT_RETAIN_SELF = YES;
				CLANG_WARN_OBJC_LITERAL_CONVERSION = YES;
				CLANG_WARN_OBJC_ROOT_CLASS = YES_ERROR;
				CLANG_WARN_QUOTED_INCLUDE_IN_FRAMEWORK_HEADER = YES;
				CLANG_WARN_RANGE_LOOP_ANALYSIS = YES;
				CLANG_WARN_STRICT_PROTOTYPES = YES;
				CLANG_WARN_SUSPICIOUS_MOVE = YES;
				CLANG_WARN_UNREACHABLE_CODE = YES;
				CLANG_WARN__DUPLICATE_METHOD_MATCH = YES;
				"CODE_SIGN_IDENTITY[sdk=iphoneos*]" = "iPhone Developer";
				COPY_PHASE_STRIP = YES;
				ENABLE_NS_ASSERTIONS = NO;
				ENABLE_STRICT_OBJC_MSGSEND = YES;
				"EXCLUDED_ARCHS[sdk=iphonesimulator*]" = i386;
				GCC_C_LANGUAGE_STANDARD = gnu99;
				GCC_NO_COMMON_BLOCKS = YES;
				GCC_WARN_64_TO_32_BIT_CONVERSION = YES;
				GCC_WARN_ABOUT_RETURN_TYPE = YES_ERROR;
				GCC_WARN_UNDECLARED_SELECTOR = YES;
				GCC_WARN_UNINITIALIZED_AUTOS = YES_AGGRESSIVE;
				GCC_WARN_UNUSED_FUNCTION = YES;
				GCC_WARN_UNUSED_VARIABLE = YES;
				IPHONEOS_DEPLOYMENT_TARGET = 12.4;
				LD_RUNPATH_SEARCH_PATHS = (
					/usr/lib/swift,
					"$(inherited)",
				);
				LIBRARY_SEARCH_PATHS = (
					"\"$(SDKROOT)/usr/lib/swift\"",
					"\"$(TOOLCHAIN_DIR)/usr/lib/swift/$(PLATFORM_NAME)\"",
					"\"$(inherited)\"",
				);
				MTL_ENABLE_DEBUG_INFO = NO;
				OTHER_CFLAGS = "$(inherited)";
				OTHER_CPLUSPLUSFLAGS = (
					"$(OTHER_CFLAGS)",
					"-DFOLLY_NO_CONFIG",
					"-DFOLLY_MOBILE=1",
					"-DFOLLY_USE_LIBCPP=1",
				);
				REACT_NATIVE_PATH = "${PODS_ROOT}/../../node_modules/react-native";
				SDKROOT = iphoneos;
				VALIDATE_PRODUCT = YES;
			};
			name = Release;
		};
/* End XCBuildConfiguration section */

/* Begin XCConfigurationList section */
		00E357021AD99517003FC87E /* Build configuration list for PBXNativeTarget "MyappReactNativeTests" */ = {
			isa = XCConfigurationList;
			buildConfigurations = (
				00E356F61AD99517003FC87E /* Debug */,
				00E356F71AD99517003FC87E /* Release */,
			);
			defaultConfigurationIsVisible = 0;
			defaultConfigurationName = Release;
		};
		13B07F931A680F5B00A75B9A /* Build configuration list for PBXNativeTarget "MyappReactNative" */ = {
			isa = XCConfigurationList;
			buildConfigurations = (
				13B07F941A680F5B00A75B9A /* Debug */,
				13B07F951A680F5B00A75B9A /* Release */,
			);
			defaultConfigurationIsVisible = 0;
			defaultConfigurationName = Release;
		};
		83CBB9FA1A601CBA00E9B192 /* Build configuration list for PBXProject "MyappReactNative" */ = {
			isa = XCConfigurationList;
			buildConfigurations = (
				83CBBA201A601CBA00E9B192 /* Debug */,
				83CBBA211A601CBA00E9B192 /* Release */,
			);
			defaultConfigurationIsVisible = 0;
			defaultConfigurationName = Release;
		};
/* End XCConfigurationList section */
	};
	rootObject = 83CBB9F71A601CBA00E9B192 /* Project object */;
}
